PODS:
  - Braintree (4.2.3):
    - Braintree/Card (= 4.2.3)
    - Braintree/Core (= 4.2.3)
    - Braintree/PayPal (= 4.2.3)
    - Braintree/UI (= 4.2.3)
  - Braintree/Card (4.2.3):
    - Braintree/Core
  - Braintree/Core (4.2.3)
  - Braintree/PayPal (4.2.3):
    - Braintree/Core
    - Braintree/PayPalOneTouch
  - Braintree/PayPalDataCollector (4.2.3)
  - Braintree/PayPalOneTouch (4.2.3):
    - Braintree/Core
    - Braintree/PayPalDataCollector
  - Braintree/UI (4.2.3):
    - Braintree/Card
    - Braintree/Core

DEPENDENCIES:
  - Braintree

SPEC CHECKSUMS:
  Braintree: 05791bdc6d43c3faf2f802dd2d687e9f619f7f57

PODFILE CHECKSUM: 69878157ec722312d06d7d1f5b431882f442a4e0

COCOAPODS: 1.1.0.rc.2
